
Microsoft Visual Studio Solution File, Format Version 12.00
# Visual Studio Version 17
VisualStudioVersion = 17.0.31612.314
MinimumVisualStudioVersion = 10.0.40219.1
Project("{9A19103F-16F7-4668-BE54-9A1E7A4F7556}") = "ObjectListView", "ObjectListView\ObjectListView.csproj", "{56DA2FE5-9F36-4395-AFB0-D2F0FC8A9B39}"
EndProject
Global
	GlobalSection(SolutionConfigurationPlatforms) = preSolution
		Debug|Any CPU = Debug|Any CPU
		Release|Any CPU = Release|Any CPU
	EndGlobalSection
	GlobalSection(ProjectConfigurationPlatforms) = postSolution
		{56DA2FE5-9F36-4395-AFB0-D2F0FC8A9B39}.Debug|Any CPU.ActiveCfg = Debug|Any CPU
		{56DA2FE5-9F36-4395-AFB0-D2F0FC8A9B39}.Debug|Any CPU.Build.0 = Debug|Any CPU
		{56DA2FE5-9F36-4395-AFB0-D2F0FC8A9B39}.Release|Any CPU.ActiveCfg = Release|Any CPU
		{56DA2FE5-9F36-4395-AFB0-D2F0FC8A9B39}.Release|Any CPU.Build.0 = Release|Any CPU
	EndGlobalSection
	GlobalSection(SolutionProperties) = preSolution
		HideSolutionNode = FALSE
	EndGlobalSection
	GlobalSection(ExtensibilityGlobals) = postSolution
		SolutionGuid = {2996C821-51F9-4B16-9C67-B4E56B482630}
	EndGlobalSection
EndGlobal
